
Microsoft Visual Studio Solution File, Format Version 12.00
# Visual Studio Version 17
VisualStudioVersion = 17.4.33110.190
MinimumVisualStudioVersion = 10.0.40219.1
Project("{FAE04EC0-301F-11D3-BF4B-00C04F79EFBC}") = "AnkiVocabBuilder", "AnkiVocabBuilder\AnkiVocabBuilder.csproj", "{38304A96-3ED5-45BE-9BB7-65676C59A304}"
EndProject
Global
	GlobalSection(SolutionConfigurationPlatforms) = preSolution
		Debug|Any CPU = Debug|Any CPU
		Release|Any CPU = Release|Any CPU
	EndGlobalSection
	GlobalSection(ProjectConfigurationPlatforms) = postSolution
		{38304A96-3ED5-45BE-9BB7-65676C59A304}.Debug|Any CPU.ActiveCfg = Debug|Any CPU
		{38304A96-3ED5-45BE-9BB7-65676C59A304}.Debug|Any CPU.Build.0 = Debug|Any CPU
		{38304A96-3ED5-45BE-9BB7-65676C59A304}.Release|Any CPU.ActiveCfg = Release|Any CPU
		{38304A96-3ED5-45BE-9BB7-65676C59A304}.Release|Any CPU.Build.0 = Release|Any CPU
	EndGlobalSection
	GlobalSection(SolutionProperties) = preSolution
		HideSolutionNode = FALSE
	EndGlobalSection
	GlobalSection(ExtensibilityGlobals) = postSolution
		SolutionGuid = {02C27489-F2BB-4FE4-9D3C-E519C87F81F6}
	EndGlobalSection
EndGlobal
